// !$*UTF8*$!
{
	archiveVersion = 1;
	classes = {
	};
	objectVersion = 77;
	objects = {

/* Begin PBXBuildFile section */
		E6C332862F62915700224AA5 /* PaceAppApp.swift in Sources */ = {isa = PBXBuildFile; fileRef = E6C332832F62915700224AA5 /* PaceAppApp.swift */; };
		E6C332872F62915700224AA5 /* RootView.swift in Sources */ = {isa = PBXBuildFile; fileRef = E6C332842F62915700224AA5 /* RootView.swift */; };
		E6C332882F6291C500224AA5 /* Date+Ext.swift in Sources */ = {isa = PBXBuildFile; fileRef = E6C4BEFE2F618CE000C17C69 /* Date+Ext.swift */; };
		E6C332892F6291C500224AA5 /* View+Ext.swift in Sources */ = {isa = PBXBuildFile; fileRef = E6C4BEFF2F618CE000C17C69 /* View+Ext.swift */; };
		E6C3328A2F6291C500224AA5 /* GilroyFontModifier.swift in Sources */ = {isa = PBXBuildFile; fileRef = E6C4BF022F618D9D00C17C69 /* GilroyFontModifier.swift */; };
		E6C3328B2F6291C500224AA5 /* Gilroy+Font.swift in Sources */ = {isa = PBXBuildFile; fileRef = E6C4BF012F618D6000C17C69 /* Gilroy+Font.swift */; };
		E6C3328C2F6291C500224AA5 /* AppFonts.swift in Sources */ = {isa = PBXBuildFile; fileRef = E6C4BEF52F616CCF00C17C69 /* AppFonts.swift */; };
		E6C3328E2F62920800224AA5 /* GlassButton.swift in Sources */ = {isa = PBXBuildFile; fileRef = E6C3328D2F62920800224AA5 /* GlassButton.swift */; };
		E6C334272F62B74B00224AA5 /* Localizable.xcstrings in Resources */ = {isa = PBXBuildFile; fileRef = E6C334262F62B74B00224AA5 /* Localizable.xcstrings */; };
		E6C4BEDF2F613E1300C17C69 /* AppGradients.swift in Sources */ = {isa = PBXBuildFile; fileRef = E6C4BEDE2F613E1300C17C69 /* AppGradients.swift */; };
		E6C4BEEE2F616B8800C17C69 /* Gilroy-SemiBold.ttf in Resources */ = {isa = PBXBuildFile; fileRef = E6C4BEED2F616B8800C17C69 /* Gilroy-SemiBold.ttf */; };
		E6C4BEEF2F616B8800C17C69 /* Gilroy-Bold.ttf in Resources */ = {isa = PBXBuildFile; fileRef = E6C4BEE82F616B8800C17C69 /* Gilroy-Bold.ttf */; };
		E6C4BEF02F616B8800C17C69 /* Gilroy-ExtraBold.ttf in Resources */ = {isa = PBXBuildFile; fileRef = E6C4BEE92F616B8800C17C69 /* Gilroy-ExtraBold.ttf */; };
		E6C4BEF12F616B8800C17C69 /* Gilroy-Medium.ttf in Resources */ = {isa = PBXBuildFile; fileRef = E6C4BEEB2F616B8800C17C69 /* Gilroy-Medium.ttf */; };
		E6C4BEF22F616B8800C17C69 /* Gilroy-Light.ttf in Resources */ = {isa = PBXBuildFile; fileRef = E6C4BEEA2F616B8800C17C69 /* Gilroy-Light.ttf */; };
		E6C4BEF32F616B8800C17C69 /* Gilroy-Regular.ttf in Resources */ = {isa = PBXBuildFile; fileRef = E6C4BEEC2F616B8800C17C69 /* Gilroy-Regular.ttf */; };
		E6C4BEF82F61849700C17C69 /* LogoWithText.swift in Sources */ = {isa = PBXBuildFile; fileRef = E6C4BEF72F61849700C17C69 /* LogoWithText.swift */; };
		E6C4BEFA2F618A2800C17C69 /* Spacing.swift in Sources */ = {isa = PBXBuildFile; fileRef = E6C4BEF92F618A2800C17C69 /* Spacing.swift */; };
		E6C69B682F603CC400ACED81 /* Assets.xcassets in Resources */ = {isa = PBXBuildFile; fileRef = E6C69B652F603CC400ACED81 /* Assets.xcassets */; };
		E6C69B732F603EAB00ACED81 /* Colors.xcassets in Resources */ = {isa = PBXBuildFile; fileRef = E6C69B722F603EAB00ACED81 /* Colors.xcassets */; };
/* End PBXBuildFile section */

/* Begin PBXFileReference section */
		E6C332832F62915700224AA5 /* PaceAppApp.swift */ = {isa = PBXFileReference; lastKnownFileType = sourcecode.swift; path = PaceAppApp.swift; sourceTree = "<group>"; };
		E6C332842F62915700224AA5 /* RootView.swift */ = {isa = PBXFileReference; lastKnownFileType = sourcecode.swift; path = RootView.swift; sourceTree = "<group>"; };
		E6C3328D2F62920800224AA5 /* GlassButton.swift */ = {isa = PBXFileReference; lastKnownFileType = sourcecode.swift; path = GlassButton.swift; sourceTree = "<group>"; };
		E6C334262F62B74B00224AA5 /* Localizable.xcstrings */ = {isa = PBXFileReference; lastKnownFileType = text.json.xcstrings; path = Localizable.xcstrings; sourceTree = "<group>"; };
		E6C4BEDE2F613E1300C17C69 /* AppGradients.swift */ = {isa = PBXFileReference; lastKnownFileType = sourcecode.swift; path = AppGradients.swift; sourceTree = "<group>"; };
		E6C4BEE62F615C2A00C17C69 /* PaceApp-Info.plist */ = {isa = PBXFileReference; lastKnownFileType = text.plist; path = "PaceApp-Info.plist"; sourceTree = "<group>"; };
		E6C4BEE82F616B8800C17C69 /* Gilroy-Bold.ttf */ = {isa = PBXFileReference; lastKnownFileType = file; path = "Gilroy-Bold.ttf"; sourceTree = "<group>"; };
		E6C4BEE92F616B8800C17C69 /* Gilroy-ExtraBold.ttf */ = {isa = PBXFileReference; lastKnownFileType = file; path = "Gilroy-ExtraBold.ttf"; sourceTree = "<group>"; };
		E6C4BEEA2F616B8800C17C69 /* Gilroy-Light.ttf */ = {isa = PBXFileReference; lastKnownFileType = file; path = "Gilroy-Light.ttf"; sourceTree = "<group>"; };
		E6C4BEEB2F616B8800C17C69 /* Gilroy-Medium.ttf */ = {isa = PBXFileReference; lastKnownFileType = file; path = "Gilroy-Medium.ttf"; sourceTree = "<group>"; };
		E6C4BEEC2F616B8800C17C69 /* Gilroy-Regular.ttf */ = {isa = PBXFileReference; lastKnownFileType = file; path = "Gilroy-Regular.ttf"; sourceTree = "<group>"; };
		E6C4BEED2F616B8800C17C69 /* Gilroy-SemiBold.ttf */ = {isa = PBXFileReference; lastKnownFileType = file; path = "Gilroy-SemiBold.ttf"; sourceTree = "<group>"; };
		E6C4BEF52F616CCF00C17C69 /* AppFonts.swift */ = {isa = PBXFileReference; lastKnownFileType = sourcecode.swift; path = AppFonts.swift; sourceTree = "<group>"; };
		E6C4BEF72F61849700C17C69 /* LogoWithText.swift */ = {isa = PBXFileReference; lastKnownFileType = sourcecode.swift; path = LogoWithText.swift; sourceTree = "<group>"; };
		E6C4BEF92F618A2800C17C69 /* Spacing.swift */ = {isa = PBXFileReference; lastKnownFileType = sourcecode.swift; path = Spacing.swift; sourceTree = "<group>"; };
		E6C4BEFE2F618CE000C17C69 /* Date+Ext.swift */ = {isa = PBXFileReference; lastKnownFileType = sourcecode.swift; path = "Date+Ext.swift"; sourceTree = "<group>"; };
		E6C4BEFF2F618CE000C17C69 /* View+Ext.swift */ = {isa = PBXFileReference; lastKnownFileType = sourcecode.swift; path = "View+Ext.swift"; sourceTree = "<group>"; };
		E6C4BF012F618D6000C17C69 /* Gilroy+Font.swift */ = {isa = PBXFileReference; lastKnownFileType = sourcecode.swift; path = "Gilroy+Font.swift"; sourceTree = "<group>"; };
		E6C4BF022F618D9D00C17C69 /* GilroyFontModifier.swift */ = {isa = PBXFileReference; lastKnownFileType = sourcecode.swift; path = GilroyFontModifier.swift; sourceTree = "<group>"; };
		E6C69B572F603C8D00ACED81 /* PaceApp.app */ = {isa = PBXFileReference; explicitFileType = wrapper.application; includeInIndex = 0; path = PaceApp.app; sourceTree = BUILT_PRODUCTS_DIR; };
		E6C69B652F603CC400ACED81 /* Assets.xcassets */ = {isa = PBXFileReference; lastKnownFileType = folder.assetcatalog; path = Assets.xcassets; sourceTree = "<group>"; };
		E6C69B722F603EAB00ACED81 /* Colors.xcassets */ = {isa = PBXFileReference; lastKnownFileType = folder.assetcatalog; path = Colors.xcassets; sourceTree = "<group>"; };
/* End PBXFileReference section */

/* Begin PBXFileSystemSynchronizedRootGroup section */
		E6C3329C2F62926900224AA5 /* Constant */ = {
			isa = PBXFileSystemSynchronizedRootGroup;
			path = Constant;
			sourceTree = "<group>";
		};
		E6C3342E2F62BA7000224AA5 /* Animations */ = {
			isa = PBXFileSystemSynchronizedRootGroup;
			path = Animations;
			sourceTree = "<group>";
		};
		E6C69B6E2F603E4D00ACED81 /* Modules */ = {
			isa = PBXFileSystemSynchronizedRootGroup;
			path = Modules;
			sourceTree = "<group>";
		};
/* End PBXFileSystemSynchronizedRootGroup section */

/* Begin PBXFrameworksBuildPhase section */
		E6C69B542F603C8D00ACED81 /* Frameworks */ = {
			isa = PBXFrameworksBuildPhase;
			buildActionMask = 2147483647;
			files = (
			);
			runOnlyForDeploymentPostprocessing = 0;
		};
/* End PBXFrameworksBuildPhase section */

/* Begin PBXGroup section */
		E6C332852F62915700224AA5 /* PaceApp */ = {
			isa = PBXGroup;
			children = (
				E6C332832F62915700224AA5 /* PaceAppApp.swift */,
				E6C332842F62915700224AA5 /* RootView.swift */,
			);
			path = PaceApp;
			sourceTree = "<group>";
		};
		E6C334282F62BA5F00224AA5 /* Modifier */ = {
			isa = PBXGroup;
			children = (
				E6C3342E2F62BA7000224AA5 /* Animations */,
			);
			path = Modifier;
			sourceTree = "<group>";
		};
		E6C4BEE72F616B6300C17C69 /* Fonts */ = {
			isa = PBXGroup;
			children = (
				E6C4BEE82F616B8800C17C69 /* Gilroy-Bold.ttf */,
				E6C4BEE92F616B8800C17C69 /* Gilroy-ExtraBold.ttf */,
				E6C4BEEA2F616B8800C17C69 /* Gilroy-Light.ttf */,
				E6C4BEEB2F616B8800C17C69 /* Gilroy-Medium.ttf */,
				E6C4BEEC2F616B8800C17C69 /* Gilroy-Regular.ttf */,
				E6C4BEED2F616B8800C17C69 /* Gilroy-SemiBold.ttf */,
			);
			path = Fonts;
			sourceTree = "<group>";
		};
		E6C4BEF42F616CB600C17C69 /* DesignSystem */ = {
			isa = PBXGroup;
			children = (
				E6C4BF002F618D3600C17C69 /* Font */,
				E6C4BEF62F61846D00C17C69 /* Components */,
				E6C4BEDE2F613E1300C17C69 /* AppGradients.swift */,
			);
			path = DesignSystem;
			sourceTree = "<group>";
		};
		E6C4BEF62F61846D00C17C69 /* Components */ = {
			isa = PBXGroup;
			children = (
				E6C3328D2F62920800224AA5 /* GlassButton.swift */,
				E6C4BEF72F61849700C17C69 /* LogoWithText.swift */,
				E6C4BEF92F618A2800C17C69 /* Spacing.swift */,
			);
			path = Components;
			sourceTree = "<group>";
		};
		E6C4BEFB2F618BFB00C17C69 /* Utility */ = {
			isa = PBXGroup;
			children = (
				E6C334282F62BA5F00224AA5 /* Modifier */,
				E6C3329C2F62926900224AA5 /* Constant */,
				E6C4BEFD2F618C5900C17C69 /* Helpers */,
				E6C4BEFC2F618C5200C17C69 /* Extensions */,
			);
			path = Utility;
			sourceTree = "<group>";
		};
		E6C4BEFC2F618C5200C17C69 /* Extensions */ = {
			isa = PBXGroup;
			children = (
				E6C4BEFE2F618CE000C17C69 /* Date+Ext.swift */,
				E6C4BEFF2F618CE000C17C69 /* View+Ext.swift */,
			);
			path = Extensions;
			sourceTree = "<group>";
		};
		E6C4BEFD2F618C5900C17C69 /* Helpers */ = {
			isa = PBXGroup;
			children = (
			);
			path = Helpers;
			sourceTree = "<group>";
		};
		E6C4BF002F618D3600C17C69 /* Font */ = {
			isa = PBXGroup;
			children = (
				E6C4BF022F618D9D00C17C69 /* GilroyFontModifier.swift */,
				E6C4BF012F618D6000C17C69 /* Gilroy+Font.swift */,
				E6C4BEF52F616CCF00C17C69 /* AppFonts.swift */,
			);
			path = Font;
			sourceTree = "<group>";
		};
		E6C69B4E2F603C8D00ACED81 = {
			isa = PBXGroup;
			children = (
				E6C4BEFB2F618BFB00C17C69 /* Utility */,
				E6C4BEE62F615C2A00C17C69 /* PaceApp-Info.plist */,
				E6C4BEF42F616CB600C17C69 /* DesignSystem */,
				E6C69B6F2F603E6C00ACED81 /* Resources */,
				E6C69B6E2F603E4D00ACED81 /* Modules */,
				E6C69B582F603C8D00ACED81 /* Products */,
				E6C332852F62915700224AA5 /* PaceApp */,
			);
			sourceTree = "<group>";
		};
		E6C69B582F603C8D00ACED81 /* Products */ = {
			isa = PBXGroup;
			children = (
				E6C69B572F603C8D00ACED81 /* PaceApp.app */,
			);
			name = Products;
			sourceTree = "<group>";
		};
		E6C69B6F2F603E6C00ACED81 /* Resources */ = {
			isa = PBXGroup;
			children = (
				E6C4BEE72F616B6300C17C69 /* Fonts */,
				E6C69B652F603CC400ACED81 /* Assets.xcassets */,
				E6C69B722F603EAB00ACED81 /* Colors.xcassets */,
				E6C334262F62B74B00224AA5 /* Localizable.xcstrings */,
			);
			path = Resources;
			sourceTree = "<group>";
		};
/* End PBXGroup section */

/* Begin PBXNativeTarget section */
		E6C69B562F603C8D00ACED81 /* PaceApp */ = {
			isa = PBXNativeTarget;
			buildConfigurationList = E6C69B622F603C8F00ACED81 /* Build configuration list for PBXNativeTarget "PaceApp" */;
			buildPhases = (
				E6C69B532F603C8D00ACED81 /* Sources */,
				E6C69B542F603C8D00ACED81 /* Frameworks */,
				E6C69B552F603C8D00ACED81 /* Resources */,
			);
			buildRules = (
			);
			dependencies = (
			);
			fileSystemSynchronizedGroups = (
				E6C3329C2F62926900224AA5 /* Constant */,
				E6C3342E2F62BA7000224AA5 /* Animations */,
				E6C69B6E2F603E4D00ACED81 /* Modules */,
			);
			name = PaceApp;
			packageProductDependencies = (
			);
			productName = PaceApp;
			productReference = E6C69B572F603C8D00ACED81 /* PaceApp.app */;
			productType = "com.apple.product-type.application";
		};
/* End PBXNativeTarget section */

/* Begin PBXProject section */
		E6C69B4F2F603C8D00ACED81 /* Project object */ = {
			isa = PBXProject;
			attributes = {
				BuildIndependentTargetsInParallel = 1;
				LastSwiftUpdateCheck = 2630;
				LastUpgradeCheck = 2630;
				TargetAttributes = {
					E6C69B562F603C8D00ACED81 = {
						CreatedOnToolsVersion = 26.3;
					};
				};
			};
			buildConfigurationList = E6C69B522F603C8D00ACED81 /* Build configuration list for PBXProject "PaceApp" */;
			developmentRegion = en;
			hasScannedForEncodings = 0;
			knownRegions = (
				en,
				Base,
			);
			mainGroup = E6C69B4E2F603C8D00ACED81;
			minimizedProjectReferenceProxies = 1;
			preferredProjectObjectVersion = 77;
			productRefGroup = E6C69B582F603C8D00ACED81 /* Products */;
			projectDirPath = "";
			projectRoot = "";
			targets = (
				E6C69B562F603C8D00ACED81 /* PaceApp */,
			);
		};
/* End PBXProject section */

/* Begin PBXResourcesBuildPhase section */
		E6C69B552F603C8D00ACED81 /* Resources */ = {
			isa = PBXResourcesBuildPhase;
			buildActionMask = 2147483647;
			files = (
				E6C69B682F603CC400ACED81 /* Assets.xcassets in Resources */,
				E6C69B732F603EAB00ACED81 /* Colors.xcassets in Resources */,
				E6C4BEEE2F616B8800C17C69 /* Gilroy-SemiBold.ttf in Resources */,
				E6C4BEEF2F616B8800C17C69 /* Gilroy-Bold.ttf in Resources */,
				E6C4BEF02F616B8800C17C69 /* Gilroy-ExtraBold.ttf in Resources */,
				E6C4BEF12F616B8800C17C69 /* Gilroy-Medium.ttf in Resources */,
				E6C4BEF22F616B8800C17C69 /* Gilroy-Light.ttf in Resources */,
				E6C4BEF32F616B8800C17C69 /* Gilroy-Regular.ttf in Resources */,
				E6C334272F62B74B00224AA5 /* Localizable.xcstrings in Resources */,
			);
			runOnlyForDeploymentPostprocessing = 0;
		};
/* End PBXResourcesBuildPhase section */

/* Begin PBXSourcesBuildPhase section */
		E6C69B532F603C8D00ACED81 /* Sources */ = {
			isa = PBXSourcesBuildPhase;
			buildActionMask = 2147483647;
			files = (
				E6C332882F6291C500224AA5 /* Date+Ext.swift in Sources */,
				E6C332892F6291C500224AA5 /* View+Ext.swift in Sources */,
				E6C3328E2F62920800224AA5 /* GlassButton.swift in Sources */,
				E6C3328A2F6291C500224AA5 /* GilroyFontModifier.swift in Sources */,
				E6C3328B2F6291C500224AA5 /* Gilroy+Font.swift in Sources */,
				E6C3328C2F6291C500224AA5 /* AppFonts.swift in Sources */,
				E6C4BEF82F61849700C17C69 /* LogoWithText.swift in Sources */,
				E6C4BEFA2F618A2800C17C69 /* Spacing.swift in Sources */,
				E6C4BEDF2F613E1300C17C69 /* AppGradients.swift in Sources */,
				E6C332862F62915700224AA5 /* PaceAppApp.swift in Sources */,
				E6C332872F62915700224AA5 /* RootView.swift in Sources */,
			);
			runOnlyForDeploymentPostprocessing = 0;
		};
/* End PBXSourcesBuildPhase section */

/* Begin XCBuildConfiguration section */
		E6C69B602F603C8F00ACED81 /* Debug */ = {
			isa = XCBuildConfiguration;
			buildSettings = {
				ALWAYS_SEARCH_USER_PATHS = NO;
				ASSETCATALOG_COMPILER_GENERATE_SWIFT_ASSET_SYMBOL_EXTENSIONS = YES;
				CLANG_ANALYZER_NONNULL = YES;
				CLANG_ANALYZER_NUMBER_OBJECT_CONVERSION = YES_AGGRESSIVE;
				CLANG_CXX_LANGUAGE_STANDARD = "gnu++20";
				CLANG_ENABLE_MODULES = YES;
				CLANG_ENABLE_OBJC_ARC = YES;
				CLANG_ENABLE_OBJC_WEAK = YES;
				CLANG_WARN_BLOCK_CAPTURE_AUTORELEASING = YES;
				CLANG_WARN_BOOL_CONVERSION = YES;
				CLANG_WARN_COMMA = YES;
				CLANG_WARN_CONSTANT_CONVERSION = YES;
				CLANG_WARN_DEPRECATED_OBJC_IMPLEMENTATIONS = YES;
				CLANG_WARN_DIRECT_OBJC_ISA_USAGE = YES_ERROR;
				CLANG_WARN_DOCUMENTATION_COMMENTS = YES;
				CLANG_WARN_EMPTY_BODY = YES;
				CLANG_WARN_ENUM_CONVERSION = YES;
				CLANG_WARN_INFINITE_RECURSION = YES;
				CLANG_WARN_INT_CONVERSION = YES;
				CLANG_WARN_NON_LITERAL_NULL_CONVERSION = YES;
				CLANG_WARN_OBJC_IMPLICIT_RETAIN_SELF = YES;
				CLANG_WARN_OBJC_LITERAL_CONVERSION = YES;
				CLANG_WARN_OBJC_ROOT_CLASS = YES_ERROR;
				CLANG_WARN_QUOTED_INCLUDE_IN_FRAMEWORK_HEADER = YES;
				CLANG_WARN_RANGE_LOOP_ANALYSIS = YES;
				CLANG_WARN_STRICT_PROTOTYPES = YES;
				CLANG_WARN_SUSPICIOUS_MOVE = YES;
				CLANG_WARN_UNGUARDED_AVAILABILITY = YES_AGGRESSIVE;
				CLANG_WARN_UNREACHABLE_CODE = YES;
				CLANG_WARN__DUPLICATE_METHOD_MATCH = YES;
				COPY_PHASE_STRIP = NO;
				DEBUG_INFORMATION_FORMAT = dwarf;
				DEVELOPMENT_TEAM = 2NK8U47VYY;
				ENABLE_STRICT_OBJC_MSGSEND = YES;
				ENABLE_TESTABILITY = YES;
				ENABLE_USER_SCRIPT_SANDBOXING = YES;
				GCC_C_LANGUAGE_STANDARD = gnu17;
				GCC_DYNAMIC_NO_PIC = NO;
				GCC_NO_COMMON_BLOCKS = YES;
				GCC_OPTIMIZATION_LEVEL = 0;
				GCC_PREPROCESSOR_DEFINITIONS = (
					"DEBUG=1",
					"$(inherited)",
				);
				GCC_WARN_64_TO_32_BIT_CONVERSION = YES;
				GCC_WARN_ABOUT_RETURN_TYPE = YES_ERROR;
				GCC_WARN_UNDECLARED_SELECTOR = YES;
				GCC_WARN_UNINITIALIZED_AUTOS = YES_AGGRESSIVE;
				GCC_WARN_UNUSED_FUNCTION = YES;
				GCC_WARN_UNUSED_VARIABLE = YES;
				LOCALIZATION_PREFERS_STRING_CATALOGS = YES;
				MTL_ENABLE_DEBUG_INFO = INCLUDE_SOURCE;
				MTL_FAST_MATH = YES;
				ONLY_ACTIVE_ARCH = YES;
				SWIFT_ACTIVE_COMPILATION_CONDITIONS = "DEBUG $(inherited)";
				SWIFT_EMIT_LOC_STRINGS = YES;
				SWIFT_OPTIMIZATION_LEVEL = "-Onone";
			};
			name = Debug;
		};
		E6C69B612F603C8F00ACED81 /* Release */ = {
			isa = XCBuildConfiguration;
			buildSettings = {
				ALWAYS_SEARCH_USER_PATHS = NO;
				ASSETCATALOG_COMPILER_GENERATE_SWIFT_ASSET_SYMBOL_EXTENSIONS = YES;
				CLANG_ANALYZER_NONNULL = YES;
				CLANG_ANALYZER_NUMBER_OBJECT_CONVERSION = YES_AGGRESSIVE;
				CLANG_CXX_LANGUAGE_STANDARD = "gnu++20";
				CLANG_ENABLE_MODULES = YES;
				CLANG_ENABLE_OBJC_ARC = YES;
				CLANG_ENABLE_OBJC_WEAK = YES;
				CLANG_WARN_BLOCK_CAPTURE_AUTORELEASING = YES;
				CLANG_WARN_BOOL_CONVERSION = YES;
				CLANG_WARN_COMMA = YES;
				CLANG_WARN_CONSTANT_CONVERSION = YES;
				CLANG_WARN_DEPRECATED_OBJC_IMPLEMENTATIONS = YES;
				CLANG_WARN_DIRECT_OBJC_ISA_USAGE = YES_ERROR;
				CLANG_WARN_DOCUMENTATION_COMMENTS = YES;
				CLANG_WARN_EMPTY_BODY = YES;
				CLANG_WARN_ENUM_CONVERSION = YES;
				CLANG_WARN_INFINITE_RECURSION = YES;
				CLANG_WARN_INT_CONVERSION = YES;
				CLANG_WARN_NON_LITERAL_NULL_CONVERSION = YES;
				CLANG_WARN_OBJC_IMPLICIT_RETAIN_SELF = YES;
				CLANG_WARN_OBJC_LITERAL_CONVERSION = YES;
				CLANG_WARN_OBJC_ROOT_CLASS = YES_ERROR;
				CLANG_WARN_QUOTED_INCLUDE_IN_FRAMEWORK_HEADER = YES;
				CLANG_WARN_RANGE_LOOP_ANALYSIS = YES;
				CLANG_WARN_STRICT_PROTOTYPES = YES;
				CLANG_WARN_SUSPICIOUS_MOVE = YES;
				CLANG_WARN_UNGUARDED_AVAILABILITY = YES_AGGRESSIVE;
				CLANG_WARN_UNREACHABLE_CODE = YES;
				CLANG_WARN__DUPLICATE_METHOD_MATCH = YES;
				COPY_PHASE_STRIP = NO;
				DEBUG_INFORMATION_FORMAT = "dwarf-with-dsym";
				DEVELOPMENT_TEAM = 2NK8U47VYY;
				ENABLE_NS_ASSERTIONS = NO;
				ENABLE_STRICT_OBJC_MSGSEND = YES;
				ENABLE_USER_SCRIPT_SANDBOXING = YES;
				GCC_C_LANGUAGE_STANDARD = gnu17;
				GCC_NO_COMMON_BLOCKS = YES;
				GCC_WARN_64_TO_32_BIT_CONVERSION = YES;
				GCC_WARN_ABOUT_RETURN_TYPE = YES_ERROR;
				GCC_WARN_UNDECLARED_SELECTOR = YES;
				GCC_WARN_UNINITIALIZED_AUTOS = YES_AGGRESSIVE;
				GCC_WARN_UNUSED_FUNCTION = YES;
				GCC_WARN_UNUSED_VARIABLE = YES;
				LOCALIZATION_PREFERS_STRING_CATALOGS = YES;
				MTL_ENABLE_DEBUG_INFO = NO;
				MTL_FAST_MATH = YES;
				SWIFT_COMPILATION_MODE = wholemodule;
				SWIFT_EMIT_LOC_STRINGS = YES;
			};
			name = Release;
		};
		E6C69B632F603C8F00ACED81 /* Debug */ = {
			isa = XCBuildConfiguration;
			buildSettings = {
				ASSETCATALOG_COMPILER_APPICON_NAME = AppIcon;
				ASSETCATALOG_COMPILER_GLOBAL_ACCENT_COLOR_NAME = AccentColor;
				CODE_SIGN_STYLE = Automatic;
				CURRENT_PROJECT_VERSION = 1;
				DEVELOPMENT_TEAM = 2NK8U47VYY;
				ENABLE_APP_SANDBOX = YES;
				ENABLE_HARDENED_RUNTIME = YES;
				ENABLE_PREVIEWS = YES;
				ENABLE_USER_SELECTED_FILES = readonly;
				GENERATE_INFOPLIST_FILE = YES;
				INFOPLIST_FILE = "PaceApp-Info.plist";
				INFOPLIST_KEY_CFBundleDisplayName = Pace;
				INFOPLIST_KEY_LSApplicationCategoryType = "public.app-category.sports";
				"INFOPLIST_KEY_UIApplicationSceneManifest_Generation[sdk=iphoneos*]" = YES;
				"INFOPLIST_KEY_UIApplicationSceneManifest_Generation[sdk=iphonesimulator*]" = YES;
				"INFOPLIST_KEY_UIApplicationSupportsIndirectInputEvents[sdk=iphoneos*]" = YES;
				"INFOPLIST_KEY_UIApplicationSupportsIndirectInputEvents[sdk=iphonesimulator*]" = YES;
				"INFOPLIST_KEY_UILaunchScreen_Generation[sdk=iphoneos*]" = YES;
				"INFOPLIST_KEY_UILaunchScreen_Generation[sdk=iphonesimulator*]" = YES;
				"INFOPLIST_KEY_UIStatusBarStyle[sdk=iphoneos*]" = UIStatusBarStyleDefault;
				"INFOPLIST_KEY_UIStatusBarStyle[sdk=iphonesimulator*]" = UIStatusBarStyleDefault;
				INFOPLIST_KEY_UISupportedInterfaceOrientations = UIInterfaceOrientationPortrait;
				INFOPLIST_KEY_UISupportedInterfaceOrientations_iPad = "UIInterfaceOrientationLandscapeLeft UIInterfaceOrientationLandscapeRight UIInterfaceOrientationPortrait UIInterfaceOrientationPortraitUpsideDown";
				IPHONEOS_DEPLOYMENT_TARGET = 26.0;
				LD_RUNPATH_SEARCH_PATHS = "@executable_path/Frameworks";
				"LD_RUNPATH_SEARCH_PATHS[sdk=macosx*]" = "@executable_path/../Frameworks";
				MACOSX_DEPLOYMENT_TARGET = 26.2;
				MARKETING_VERSION = 1.0.0;
				PRODUCT_BUNDLE_IDENTIFIER = net.paceapp;
				PRODUCT_NAME = "$(TARGET_NAME)";
				REGISTER_APP_GROUPS = YES;
				SDKROOT = auto;
				STRING_CATALOG_GENERATE_SYMBOLS = YES;
				SUPPORTED_PLATFORMS = "iphoneos iphonesimulator";
				SUPPORTS_MACCATALYST = NO;
				SWIFT_APPROACHABLE_CONCURRENCY = YES;
				SWIFT_DEFAULT_ACTOR_ISOLATION = MainActor;
				SWIFT_EMIT_LOC_STRINGS = YES;
				SWIFT_UPCOMING_FEATURE_MEMBER_IMPORT_VISIBILITY = YES;
				SWIFT_VERSION = 5.0;
				TARGETED_DEVICE_FAMILY = 1;
				XROS_DEPLOYMENT_TARGET = 26.2;
			};
			name = Debug;
		};
		E6C69B642F603C8F00ACED81 /* Release */ = {
			isa = XCBuildConfiguration;
			buildSettings = {
				ASSETCATALOG_COMPILER_APPICON_NAME = AppIcon;
				ASSETCATALOG_COMPILER_GLOBAL_ACCENT_COLOR_NAME = AccentColor;
				CODE_SIGN_STYLE = Automatic;
				CURRENT_PROJECT_VERSION = 1;
				DEVELOPMENT_TEAM = 2NK8U47VYY;
				ENABLE_APP_SANDBOX = YES;
				ENABLE_HARDENED_RUNTIME = YES;
				ENABLE_PREVIEWS = YES;
				ENABLE_USER_SELECTED_FILES = readonly;
				GENERATE_INFOPLIST_FILE = YES;
				INFOPLIST_FILE = "PaceApp-Info.plist";
				INFOPLIST_KEY_CFBundleDisplayName = Pace;
				INFOPLIST_KEY_LSApplicationCategoryType = "public.app-category.sports";
				"INFOPLIST_KEY_UIApplicationSceneManifest_Generation[sdk=iphoneos*]" = YES;
				"INFOPLIST_KEY_UIApplicationSceneManifest_Generation[sdk=iphonesimulator*]" = YES;
				"INFOPLIST_KEY_UIApplicationSupportsIndirectInputEvents[sdk=iphoneos*]" = YES;
				"INFOPLIST_KEY_UIApplicationSupportsIndirectInputEvents[sdk=iphonesimulator*]" = YES;
				"INFOPLIST_KEY_UILaunchScreen_Generation[sdk=iphoneos*]" = YES;
				"INFOPLIST_KEY_UILaunchScreen_Generation[sdk=iphonesimulator*]" = YES;
				"INFOPLIST_KEY_UIStatusBarStyle[sdk=iphoneos*]" = UIStatusBarStyleDefault;
				"INFOPLIST_KEY_UIStatusBarStyle[sdk=iphonesimulator*]" = UIStatusBarStyleDefault;
				INFOPLIST_KEY_UISupportedInterfaceOrientations = UIInterfaceOrientationPortrait;
				INFOPLIST_KEY_UISupportedInterfaceOrientations_iPad = "UIInterfaceOrientationLandscapeLeft UIInterfaceOrientationLandscapeRight UIInterfaceOrientationPortrait UIInterfaceOrientationPortraitUpsideDown";
				IPHONEOS_DEPLOYMENT_TARGET = 26.0;
				LD_RUNPATH_SEARCH_PATHS = "@executable_path/Frameworks";
				"LD_RUNPATH_SEARCH_PATHS[sdk=macosx*]" = "@executable_path/../Frameworks";
				MACOSX_DEPLOYMENT_TARGET = 26.2;
				MARKETING_VERSION = 1.0.0;
				PRODUCT_BUNDLE_IDENTIFIER = net.paceapp;
				PRODUCT_NAME = "$(TARGET_NAME)";
				REGISTER_APP_GROUPS = YES;
				SDKROOT = auto;
				STRING_CATALOG_GENERATE_SYMBOLS = YES;
				SUPPORTED_PLATFORMS = "iphoneos iphonesimulator";
				SUPPORTS_MACCATALYST = NO;
				SWIFT_APPROACHABLE_CONCURRENCY = YES;
				SWIFT_DEFAULT_ACTOR_ISOLATION = MainActor;
				SWIFT_EMIT_LOC_STRINGS = YES;
				SWIFT_UPCOMING_FEATURE_MEMBER_IMPORT_VISIBILITY = YES;
				SWIFT_VERSION = 5.0;
				TARGETED_DEVICE_FAMILY = 1;
				XROS_DEPLOYMENT_TARGET = 26.2;
			};
			name = Release;
		};
/* End XCBuildConfiguration section */

/* Begin XCConfigurationList section */
		E6C69B522F603C8D00ACED81 /* Build configuration list for PBXProject "PaceApp" */ = {
			isa = XCConfigurationList;
			buildConfigurations = (
				E6C69B602F603C8F00ACED81 /* Debug */,
				E6C69B612F603C8F00ACED81 /* Release */,
			);
			defaultConfigurationIsVisible = 0;
			defaultConfigurationName = Release;
		};
		E6C69B622F603C8F00ACED81 /* Build configuration list for PBXNativeTarget "PaceApp" */ = {
			isa = XCConfigurationList;
			buildConfigurations = (
				E6C69B632F603C8F00ACED81 /* Debug */,
				E6C69B642F603C8F00ACED81 /* Release */,
			);
			defaultConfigurationIsVisible = 0;
			defaultConfigurationName = Release;
		};
/* End XCConfigurationList section */
	};
	rootObject = E6C69B4F2F603C8D00ACED81 /* Project object */;
}
